// !$*UTF8*$!
{
	archiveVersion = 1;
	classes = {
	};
	objectVersion = 46;
	objects = {

/* Begin PBXBuildFile section */
		F22508341FFC9A5400EBF3AC /* Localizable.strings in Resources */ = {isa = PBXBuildFile; fileRef = F225082C1FFC9A5400EBF3AC /* Localizable.strings */; };
		F22508361FFC9A5400EBF3AC /* Localizable.strings in Resources */ = {isa = PBXBuildFile; fileRef = F22508321FFC9A5400EBF3AC /* Localizable.strings */; };
		F23B88031FF96E7C00721312 /* Device.swift in Sources */ = {isa = PBXBuildFile; fileRef = F23B88021FF96E7C00721312 /* Device.swift */; };
		F23B88051FF98C5200721312 /* Utils.swift in Sources */ = {isa = PBXBuildFile; fileRef = F23B88041FF98C5200721312 /* Utils.swift */; };
		F2542D681FF427F500E0E542 /* PhotosViewController.xib in Resources */ = {isa = PBXBuildFile; fileRef = F2542D671FF427F500E0E542 /* PhotosViewController.xib */; };
		F27985A31FF3717D0066EDA3 /* AppDelegate.swift in Sources */ = {isa = PBXBuildFile; fileRef = F27985A21FF3717D0066EDA3 /* AppDelegate.swift */; };
		F27985AA1FF3717D0066EDA3 /* Assets.xcassets in Resources */ = {isa = PBXBuildFile; fileRef = F27985A91FF3717D0066EDA3 /* Assets.xcassets */; };
		F27985B81FF3717E0066EDA3 /* DigitalPhotoFrameTests.swift in Sources */ = {isa = PBXBuildFile; fileRef = F27985B71FF3717E0066EDA3 /* DigitalPhotoFrameTests.swift */; };
		F27BA1DA1FFC9D1900A2015C /* String+Localized.swift in Sources */ = {isa = PBXBuildFile; fileRef = F27BA1D91FFC9D1900A2015C /* String+Localized.swift */; };
		F2A8032B1FF8673B00C36C3C /* AlbumsViewController.swift in Sources */ = {isa = PBXBuildFile; fileRef = F2A8032A1FF8673B00C36C3C /* AlbumsViewController.swift */; };
		F2A8032D1FF8679B00C36C3C /* AlbumsViewController.xib in Resources */ = {isa = PBXBuildFile; fileRef = F2A8032C1FF8679B00C36C3C /* AlbumsViewController.xib */; };
		F2A8032F1FF86B9C00C36C3C /* AlbumCell.swift in Sources */ = {isa = PBXBuildFile; fileRef = F2A8032E1FF86B9C00C36C3C /* AlbumCell.swift */; };
		F2A803311FF86CF600C36C3C /* AlbumCell.xib in Resources */ = {isa = PBXBuildFile; fileRef = F2A803301FF86CF600C36C3C /* AlbumCell.xib */; };
		F2D1BFD71FFCA01B00DF7000 /* SettingsBar.swift in Sources */ = {isa = PBXBuildFile; fileRef = F2D1BFD61FFCA01B00DF7000 /* SettingsBar.swift */; };
		F2D1BFD91FFD7D0000DF7000 /* TimePopoverController.swift in Sources */ = {isa = PBXBuildFile; fileRef = F2D1BFD81FFD7D0000DF7000 /* TimePopoverController.swift */; };
		F2D1BFDB1FFD7D1400DF7000 /* TimePopoverController.xib in Resources */ = {isa = PBXBuildFile; fileRef = F2D1BFDA1FFD7D1400DF7000 /* TimePopoverController.xib */; };
		F2D1BFE31FFD997400DF7000 /* UIColor+Util.swift in Sources */ = {isa = PBXBuildFile; fileRef = F2D1BFE21FFD997400DF7000 /* UIColor+Util.swift */; };
		F2D1BFE71FFDBDDB00DF7000 /* Settings.swift in Sources */ = {isa = PBXBuildFile; fileRef = F2D1BFE61FFDBDDB00DF7000 /* Settings.swift */; };
		F2D1BFE91FFDD99700DF7000 /* AnimationsPopoverController.swift in Sources */ = {isa = PBXBuildFile; fileRef = F2D1BFE81FFDD99700DF7000 /* AnimationsPopoverController.swift */; };
		F2D1BFEB1FFDD9B700DF7000 /* AnimationsPopoverController.xib in Resources */ = {isa = PBXBuildFile; fileRef = F2D1BFEA1FFDD9B700DF7000 /* AnimationsPopoverController.xib */; };
		F2D1BFED1FFE84AA00DF7000 /* Random.swift in Sources */ = {isa = PBXBuildFile; fileRef = F2D1BFEC1FFE84AA00DF7000 /* Random.swift */; };
		F2D1BFEF1FFF1A2100DF7000 /* CALayer+Util.swift in Sources */ = {isa = PBXBuildFile; fileRef = F2D1BFEE1FFF1A2100DF7000 /* CALayer+Util.swift */; };
		F2D1BFF22000178F00DF7000 /* InfoPlist.strings in Resources */ = {isa = PBXBuildFile; fileRef = F2D1BFF42000178F00DF7000 /* InfoPlist.strings */; };
		F2D1BFF7200062E200DF7000 /* Color.swift in Sources */ = {isa = PBXBuildFile; fileRef = F2D1BFF6200062E200DF7000 /* Color.swift */; };
		F2D745621FFAAA6500D9BE72 /* PhotosViewController.swift in Sources */ = {isa = PBXBuildFile; fileRef = F2D745611FFAAA6500D9BE72 /* PhotosViewController.swift */; };
		F2D745661FFACCD100D9BE72 /* MainViewController.xib in Resources */ = {isa = PBXBuildFile; fileRef = F2D745651FFACCD100D9BE72 /* MainViewController.xib */; };
		F2D745681FFACCE200D9BE72 /* MainViewController.swift in Sources */ = {isa = PBXBuildFile; fileRef = F2D745671FFACCE200D9BE72 /* MainViewController.swift */; };
/* End PBXBuildFile section */

/* Begin PBXContainerItemProxy section */
		F27985B41FF3717E0066EDA3 /* PBXContainerItemProxy */ = {
			isa = PBXContainerItemProxy;
			containerPortal = F27985971FF3717D0066EDA3 /* Project object */;
			proxyType = 1;
			remoteGlobalIDString = F279859E1FF3717D0066EDA3;
			remoteInfo = DigitalPhotoFrame;
		};
/* End PBXContainerItemProxy section */

/* Begin PBXFileReference section */
		F225082D1FFC9A5400EBF3AC /* Base */ = {isa = PBXFileReference; lastKnownFileType = text.plist.strings; name = Base; path = Localizable.strings; sourceTree = "<group>"; };
		F22508331FFC9A5400EBF3AC /* ro */ = {isa = PBXFileReference; lastKnownFileType = text.plist.strings; name = ro; path = Localizable.strings; sourceTree = "<group>"; };
		F23B88021FF96E7C00721312 /* Device.swift */ = {isa = PBXFileReference; fileEncoding = 4; lastKnownFileType = sourcecode.swift; path = Device.swift; sourceTree = "<group>"; };
		F23B88041FF98C5200721312 /* Utils.swift */ = {isa = PBXFileReference; fileEncoding = 4; lastKnownFileType = sourcecode.swift; path = Utils.swift; sourceTree = "<group>"; };
		F2542D671FF427F500E0E542 /* PhotosViewController.xib */ = {isa = PBXFileReference; fileEncoding = 4; lastKnownFileType = file.xib; path = PhotosViewController.xib; sourceTree = "<group>"; };
		F279859F1FF3717D0066EDA3 /* DigitalPhotoFrame.app */ = {isa = PBXFileReference; explicitFileType = wrapper.application; includeInIndex = 0; path = DigitalPhotoFrame.app; sourceTree = BUILT_PRODUCTS_DIR; };
		F27985A21FF3717D0066EDA3 /* AppDelegate.swift */ = {isa = PBXFileReference; lastKnownFileType = sourcecode.swift; path = AppDelegate.swift; sourceTree = "<group>"; };
		F27985A91FF3717D0066EDA3 /* Assets.xcassets */ = {isa = PBXFileReference; lastKnownFileType = folder.assetcatalog; name = Assets.xcassets; path = DigitalPhotoFrame/Assets.xcassets; sourceTree = "<group>"; };
		F27985AE1FF3717D0066EDA3 /* Info.plist */ = {isa = PBXFileReference; lastKnownFileType = text.plist.xml; name = Info.plist; path = DigitalPhotoFrame/Info.plist; sourceTree = "<group>"; };
		F27985B31FF3717E0066EDA3 /* DigitalPhotoFrameTests.xctest */ = {isa = PBXFileReference; explicitFileType = wrapper.cfbundle; includeInIndex = 0; path = DigitalPhotoFrameTests.xctest; sourceTree = BUILT_PRODUCTS_DIR; };
		F27985B71FF3717E0066EDA3 /* DigitalPhotoFrameTests.swift */ = {isa = PBXFileReference; lastKnownFileType = sourcecode.swift; path = DigitalPhotoFrameTests.swift; sourceTree = "<group>"; };
		F27985B91FF3717E0066EDA3 /* Info.plist */ = {isa = PBXFileReference; lastKnownFileType = text.plist.xml; path = Info.plist; sourceTree = "<group>"; };
		F27BA1D91FFC9D1900A2015C /* String+Localized.swift */ = {isa = PBXFileReference; fileEncoding = 4; lastKnownFileType = sourcecode.swift; path = "String+Localized.swift"; sourceTree = "<group>"; };
		F2A8032A1FF8673B00C36C3C /* AlbumsViewController.swift */ = {isa = PBXFileReference; fileEncoding = 4; lastKnownFileType = sourcecode.swift; path = AlbumsViewController.swift; sourceTree = "<group>"; };
		F2A8032C1FF8679B00C36C3C /* AlbumsViewController.xib */ = {isa = PBXFileReference; fileEncoding = 4; lastKnownFileType = file.xib; path = AlbumsViewController.xib; sourceTree = "<group>"; };
		F2A8032E1FF86B9C00C36C3C /* AlbumCell.swift */ = {isa = PBXFileReference; fileEncoding = 4; lastKnownFileType = sourcecode.swift; path = AlbumCell.swift; sourceTree = "<group>"; };
		F2A803301FF86CF600C36C3C /* AlbumCell.xib */ = {isa = PBXFileReference; fileEncoding = 4; lastKnownFileType = file.xib; path = AlbumCell.xib; sourceTree = "<group>"; };
		F2D1BFD61FFCA01B00DF7000 /* SettingsBar.swift */ = {isa = PBXFileReference; fileEncoding = 4; lastKnownFileType = sourcecode.swift; path = SettingsBar.swift; sourceTree = "<group>"; };
		F2D1BFD81FFD7D0000DF7000 /* TimePopoverController.swift */ = {isa = PBXFileReference; fileEncoding = 4; lastKnownFileType = sourcecode.swift; path = TimePopoverController.swift; sourceTree = "<group>"; };
		F2D1BFDA1FFD7D1400DF7000 /* TimePopoverController.xib */ = {isa = PBXFileReference; fileEncoding = 4; lastKnownFileType = file.xib; path = TimePopoverController.xib; sourceTree = "<group>"; };
		F2D1BFE21FFD997400DF7000 /* UIColor+Util.swift */ = {isa = PBXFileReference; fileEncoding = 4; lastKnownFileType = sourcecode.swift; path = "UIColor+Util.swift"; sourceTree = "<group>"; };
		F2D1BFE61FFDBDDB00DF7000 /* Settings.swift */ = {isa = PBXFileReference; fileEncoding = 4; lastKnownFileType = sourcecode.swift; path = Settings.swift; sourceTree = "<group>"; };
		F2D1BFE81FFDD99700DF7000 /* AnimationsPopoverController.swift */ = {isa = PBXFileReference; fileEncoding = 4; lastKnownFileType = sourcecode.swift; path = AnimationsPopoverController.swift; sourceTree = "<group>"; };
		F2D1BFEA1FFDD9B700DF7000 /* AnimationsPopoverController.xib */ = {isa = PBXFileReference; fileEncoding = 4; lastKnownFileType = file.xib; path = AnimationsPopoverController.xib; sourceTree = "<group>"; };
		F2D1BFEC1FFE84AA00DF7000 /* Random.swift */ = {isa = PBXFileReference; fileEncoding = 4; lastKnownFileType = sourcecode.swift; path = Random.swift; sourceTree = "<group>"; };
		F2D1BFEE1FFF1A2100DF7000 /* CALayer+Util.swift */ = {isa = PBXFileReference; fileEncoding = 4; lastKnownFileType = sourcecode.swift; path = "CALayer+Util.swift"; sourceTree = "<group>"; };
		F2D1BFF32000178F00DF7000 /* ro */ = {isa = PBXFileReference; lastKnownFileType = text.plist.strings; name = ro; path = ro.lproj/InfoPlist.strings; sourceTree = "<group>"; };
		F2D1BFF52000179700DF7000 /* Base */ = {isa = PBXFileReference; lastKnownFileType = text.plist.strings; name = Base; path = Base.lproj/InfoPlist.strings; sourceTree = "<group>"; };
		F2D1BFF6200062E200DF7000 /* Color.swift */ = {isa = PBXFileReference; fileEncoding = 4; lastKnownFileType = sourcecode.swift; path = Color.swift; sourceTree = "<group>"; };
		F2D745611FFAAA6500D9BE72 /* PhotosViewController.swift */ = {isa = PBXFileReference; fileEncoding = 4; lastKnownFileType = sourcecode.swift; path = PhotosViewController.swift; sourceTree = "<group>"; };
		F2D745651FFACCD100D9BE72 /* MainViewController.xib */ = {isa = PBXFileReference; fileEncoding = 4; lastKnownFileType = file.xib; path = MainViewController.xib; sourceTree = "<group>"; };
		F2D745671FFACCE200D9BE72 /* MainViewController.swift */ = {isa = PBXFileReference; fileEncoding = 4; lastKnownFileType = sourcecode.swift; path = MainViewController.swift; sourceTree = "<group>"; };
/* End PBXFileReference section */

/* Begin PBXFrameworksBuildPhase section */
		F279859C1FF3717D0066EDA3 /* Frameworks */ = {
			isa = PBXFrameworksBuildPhase;
			buildActionMask = 2147483647;
			files = (
			);
			runOnlyForDeploymentPostprocessing = 0;
		};
		F27985B01FF3717E0066EDA3 /* Frameworks */ = {
			isa = PBXFrameworksBuildPhase;
			buildActionMask = 2147483647;
			files = (
			);
			runOnlyForDeploymentPostprocessing = 0;
		};
/* End PBXFrameworksBuildPhase section */

/* Begin PBXGroup section */
		F225082A1FFC9A3900EBF3AC /* Resources */ = {
			isa = PBXGroup;
			children = (
				F27985A91FF3717D0066EDA3 /* Assets.xcassets */,
				F27985AE1FF3717D0066EDA3 /* Info.plist */,
				F225082B1FFC9A5400EBF3AC /* Base.lproj */,
				F22508311FFC9A5400EBF3AC /* ro.lproj */,
				F2D1BFF42000178F00DF7000 /* InfoPlist.strings */,
			);
			name = Resources;
			path = ..;
			sourceTree = "<group>";
		};
		F225082B1FFC9A5400EBF3AC /* Base.lproj */ = {
			isa = PBXGroup;
			children = (
				F225082C1FFC9A5400EBF3AC /* Localizable.strings */,
			);
			name = Base.lproj;
			path = DigitalPhotoFrame/Base.lproj;
			sourceTree = "<group>";
		};
		F22508311FFC9A5400EBF3AC /* ro.lproj */ = {
			isa = PBXGroup;
			children = (
				F22508321FFC9A5400EBF3AC /* Localizable.strings */,
			);
			name = ro.lproj;
			path = DigitalPhotoFrame/ro.lproj;
			sourceTree = "<group>";
		};
		F27985961FF3717D0066EDA3 = {
			isa = PBXGroup;
			children = (
				F27985A11FF3717D0066EDA3 /* DigitalPhotoFrame */,
				F27985B61FF3717E0066EDA3 /* DigitalPhotoFrameTests */,
				F27985A01FF3717D0066EDA3 /* Products */,
			);
			sourceTree = "<group>";
		};
		F27985A01FF3717D0066EDA3 /* Products */ = {
			isa = PBXGroup;
			children = (
				F279859F1FF3717D0066EDA3 /* DigitalPhotoFrame.app */,
				F27985B31FF3717E0066EDA3 /* DigitalPhotoFrameTests.xctest */,
			);
			name = Products;
			sourceTree = "<group>";
		};
		F27985A11FF3717D0066EDA3 /* DigitalPhotoFrame */ = {
			isa = PBXGroup;
			children = (
				F27985A21FF3717D0066EDA3 /* AppDelegate.swift */,
				F2D745671FFACCE200D9BE72 /* MainViewController.swift */,
				F2D745651FFACCD100D9BE72 /* MainViewController.xib */,
				F2A8032A1FF8673B00C36C3C /* AlbumsViewController.swift */,
				F2A8032C1FF8679B00C36C3C /* AlbumsViewController.xib */,
				F2A8032E1FF86B9C00C36C3C /* AlbumCell.swift */,
				F2A803301FF86CF600C36C3C /* AlbumCell.xib */,
				F2D745611FFAAA6500D9BE72 /* PhotosViewController.swift */,
				F2542D671FF427F500E0E542 /* PhotosViewController.xib */,
				F2D1BFD61FFCA01B00DF7000 /* SettingsBar.swift */,
				F2D1BFD81FFD7D0000DF7000 /* TimePopoverController.swift */,
				F2D1BFDA1FFD7D1400DF7000 /* TimePopoverController.xib */,
				F2D1BFE81FFDD99700DF7000 /* AnimationsPopoverController.swift */,
				F2D1BFEA1FFDD9B700DF7000 /* AnimationsPopoverController.xib */,
				F23B88021FF96E7C00721312 /* Device.swift */,
				F2D1BFE61FFDBDDB00DF7000 /* Settings.swift */,
				F23B88041FF98C5200721312 /* Utils.swift */,
				F27BA1D91FFC9D1900A2015C /* String+Localized.swift */,
				F2D1BFE21FFD997400DF7000 /* UIColor+Util.swift */,
				F2D1BFEC1FFE84AA00DF7000 /* Random.swift */,
				F2D1BFEE1FFF1A2100DF7000 /* CALayer+Util.swift */,
				F2D1BFF6200062E200DF7000 /* Color.swift */,
				F225082A1FFC9A3900EBF3AC /* Resources */,
			);
			path = DigitalPhotoFrame;
			sourceTree = "<group>";
		};
		F27985B61FF3717E0066EDA3 /* DigitalPhotoFrameTests */ = {
			isa = PBXGroup;
			children = (
				F27985B71FF3717E0066EDA3 /* DigitalPhotoFrameTests.swift */,
				F27985B91FF3717E0066EDA3 /* Info.plist */,
			);
			path = DigitalPhotoFrameTests;
			sourceTree = "<group>";
		};
/* End PBXGroup section */

/* Begin PBXNativeTarget section */
		F279859E1FF3717D0066EDA3 /* DigitalPhotoFrame */ = {
			isa = PBXNativeTarget;
			buildConfigurationList = F27985BC1FF3717E0066EDA3 /* Build configuration list for PBXNativeTarget "DigitalPhotoFrame" */;
			buildPhases = (
				F279859B1FF3717D0066EDA3 /* Sources */,
				F279859C1FF3717D0066EDA3 /* Frameworks */,
				F279859D1FF3717D0066EDA3 /* Resources */,
			);
			buildRules = (
			);
			dependencies = (
			);
			name = DigitalPhotoFrame;
			productName = DigitalPhotoFrame;
			productReference = F279859F1FF3717D0066EDA3 /* DigitalPhotoFrame.app */;
			productType = "com.apple.product-type.application";
		};
		F27985B21FF3717E0066EDA3 /* DigitalPhotoFrameTests */ = {
			isa = PBXNativeTarget;
			buildConfigurationList = F27985BF1FF3717E0066EDA3 /* Build configuration list for PBXNativeTarget "DigitalPhotoFrameTests" */;
			buildPhases = (
				F27985AF1FF3717E0066EDA3 /* Sources */,
				F27985B01FF3717E0066EDA3 /* Frameworks */,
				F27985B11FF3717E0066EDA3 /* Resources */,
			);
			buildRules = (
			);
			dependencies = (
				F27985B51FF3717E0066EDA3 /* PBXTargetDependency */,
			);
			name = DigitalPhotoFrameTests;
			productName = DigitalPhotoFrameTests;
			productReference = F27985B31FF3717E0066EDA3 /* DigitalPhotoFrameTests.xctest */;
			productType = "com.apple.product-type.bundle.unit-test";
		};
/* End PBXNativeTarget section */

/* Begin PBXProject section */
		F27985971FF3717D0066EDA3 /* Project object */ = {
			isa = PBXProject;
			attributes = {
				LastSwiftUpdateCheck = 0820;
				LastUpgradeCheck = 0820;
				ORGANIZATIONNAME = "Andrei Marincas";
				TargetAttributes = {
					F279859E1FF3717D0066EDA3 = {
						CreatedOnToolsVersion = 8.2.1;
						DevelopmentTeam = 9N4B9F42VU;
						ProvisioningStyle = Automatic;
					};
					F27985B21FF3717E0066EDA3 = {
						CreatedOnToolsVersion = 8.2.1;
						DevelopmentTeam = F7U94HT3F7;
						ProvisioningStyle = Automatic;
						TestTargetID = F279859E1FF3717D0066EDA3;
					};
				};
			};
			buildConfigurationList = F279859A1FF3717D0066EDA3 /* Build configuration list for PBXProject "DigitalPhotoFrame" */;
			compatibilityVersion = "Xcode 3.2";
			developmentRegion = English;
			hasScannedForEncodings = 0;
			knownRegions = (
				en,
				Base,
				ro,
			);
			mainGroup = F27985961FF3717D0066EDA3;
			productRefGroup = F27985A01FF3717D0066EDA3 /* Products */;
			projectDirPath = "";
			projectRoot = "";
			targets = (
				F279859E1FF3717D0066EDA3 /* DigitalPhotoFrame */,
				F27985B21FF3717E0066EDA3 /* DigitalPhotoFrameTests */,
			);
		};
/* End PBXProject section */

/* Begin PBXResourcesBuildPhase section */
		F279859D1FF3717D0066EDA3 /* Resources */ = {
			isa = PBXResourcesBuildPhase;
			buildActionMask = 2147483647;
			files = (
				F2D1BFEB1FFDD9B700DF7000 /* AnimationsPopoverController.xib in Resources */,
				F2D1BFDB1FFD7D1400DF7000 /* TimePopoverController.xib in Resources */,
				F2542D681FF427F500E0E542 /* PhotosViewController.xib in Resources */,
				F22508341FFC9A5400EBF3AC /* Localizable.strings in Resources */,
				F2A8032D1FF8679B00C36C3C /* AlbumsViewController.xib in Resources */,
				F2D745661FFACCD100D9BE72 /* MainViewController.xib in Resources */,
				F22508361FFC9A5400EBF3AC /* Localizable.strings in Resources */,
				F27985AA1FF3717D0066EDA3 /* Assets.xcassets in Resources */,
				F2A803311FF86CF600C36C3C /* AlbumCell.xib in Resources */,
				F2D1BFF22000178F00DF7000 /* InfoPlist.strings in Resources */,
			);
			runOnlyForDeploymentPostprocessing = 0;
		};
		F27985B11FF3717E0066EDA3 /* Resources */ = {
			isa = PBXResourcesBuildPhase;
			buildActionMask = 2147483647;
			files = (
			);
			runOnlyForDeploymentPostprocessing = 0;
		};
/* End PBXResourcesBuildPhase section */

/* Begin PBXSourcesBuildPhase section */
		F279859B1FF3717D0066EDA3 /* Sources */ = {
			isa = PBXSourcesBuildPhase;
			buildActionMask = 2147483647;
			files = (
				F2D1BFD91FFD7D0000DF7000 /* TimePopoverController.swift in Sources */,
				F27985A31FF3717D0066EDA3 /* AppDelegate.swift in Sources */,
				F2A8032B1FF8673B00C36C3C /* AlbumsViewController.swift in Sources */,
				F27BA1DA1FFC9D1900A2015C /* String+Localized.swift in Sources */,
				F2A8032F1FF86B9C00C36C3C /* AlbumCell.swift in Sources */,
				F2D1BFF7200062E200DF7000 /* Color.swift in Sources */,
				F2D745621FFAAA6500D9BE72 /* PhotosViewController.swift in Sources */,
				F2D1BFED1FFE84AA00DF7000 /* Random.swift in Sources */,
				F23B88031FF96E7C00721312 /* Device.swift in Sources */,
				F2D1BFE91FFDD99700DF7000 /* AnimationsPopoverController.swift in Sources */,
				F23B88051FF98C5200721312 /* Utils.swift in Sources */,
				F2D1BFE71FFDBDDB00DF7000 /* Settings.swift in Sources */,
				F2D1BFD71FFCA01B00DF7000 /* SettingsBar.swift in Sources */,
				F2D1BFEF1FFF1A2100DF7000 /* CALayer+Util.swift in Sources */,
				F2D745681FFACCE200D9BE72 /* MainViewController.swift in Sources */,
				F2D1BFE31FFD997400DF7000 /* UIColor+Util.swift in Sources */,
			);
			runOnlyForDeploymentPostprocessing = 0;
		};
		F27985AF1FF3717E0066EDA3 /* Sources */ = {
			isa = PBXSourcesBuildPhase;
			buildActionMask = 2147483647;
			files = (
				F27985B81FF3717E0066EDA3 /* DigitalPhotoFrameTests.swift in Sources */,
			);
			runOnlyForDeploymentPostprocessing = 0;
		};
/* End PBXSourcesBuildPhase section */

/* Begin PBXTargetDependency section */
		F27985B51FF3717E0066EDA3 /* PBXTargetDependency */ = {
			isa = PBXTargetDependency;
			target = F279859E1FF3717D0066EDA3 /* DigitalPhotoFrame */;
			targetProxy = F27985B41FF3717E0066EDA3 /* PBXContainerItemProxy */;
		};
/* End PBXTargetDependency section */

/* Begin PBXVariantGroup section */
		F225082C1FFC9A5400EBF3AC /* Localizable.strings */ = {
			isa = PBXVariantGroup;
			children = (
				F225082D1FFC9A5400EBF3AC /* Base */,
			);
			name = Localizable.strings;
			sourceTree = "<group>";
		};
		F22508321FFC9A5400EBF3AC /* Localizable.strings */ = {
			isa = PBXVariantGroup;
			children = (
				F22508331FFC9A5400EBF3AC /* ro */,
			);
			name = Localizable.strings;
			sourceTree = "<group>";
		};
		F2D1BFF42000178F00DF7000 /* InfoPlist.strings */ = {
			isa = PBXVariantGroup;
			children = (
				F2D1BFF32000178F00DF7000 /* ro */,
				F2D1BFF52000179700DF7000 /* Base */,
			);
			name = InfoPlist.strings;
			sourceTree = "<group>";
		};
/* End PBXVariantGroup section */

/* Begin XCBuildConfiguration section */
		F27985BA1FF3717E0066EDA3 /* Debug */ = {
			isa = XCBuildConfiguration;
			buildSettings = {
				ALWAYS_SEARCH_USER_PATHS = NO;
				CLANG_ANALYZER_NONNULL = YES;
				CLANG_CXX_LANGUAGE_STANDARD = "gnu++0x";
				CLANG_CXX_LIBRARY = "libc++";
				CLANG_ENABLE_MODULES = YES;
				CLANG_ENABLE_OBJC_ARC = YES;
				CLANG_WARN_BOOL_CONVERSION = YES;
				CLANG_WARN_CONSTANT_CONVERSION = YES;
				CLANG_WARN_DIRECT_OBJC_ISA_USAGE = YES_ERROR;
				CLANG_WARN_DOCUMENTATION_COMMENTS = YES;
				CLANG_WARN_EMPTY_BODY = YES;
				CLANG_WARN_ENUM_CONVERSION = YES;
				CLANG_WARN_INFINITE_RECURSION = YES;
				CLANG_WARN_INT_CONVERSION = YES;
				CLANG_WARN_OBJC_ROOT_CLASS = YES_ERROR;
				CLANG_WARN_SUSPICIOUS_MOVE = YES;
				CLANG_WARN_UNREACHABLE_CODE = YES;
				CLANG_WARN__DUPLICATE_METHOD_MATCH = YES;
				"CODE_SIGN_IDENTITY[sdk=iphoneos*]" = "iPhone Developer";
				COPY_PHASE_STRIP = NO;
				DEBUG_INFORMATION_FORMAT = dwarf;
				ENABLE_STRICT_OBJC_MSGSEND = YES;
				ENABLE_TESTABILITY = YES;
				GCC_C_LANGUAGE_STANDARD = gnu99;
				GCC_DYNAMIC_NO_PIC = NO;
				GCC_NO_COMMON_BLOCKS = YES;
				GCC_OPTIMIZATION_LEVEL = 0;
				GCC_PREPROCESSOR_DEFINITIONS = (
					"DEBUG=1",
					"$(inherited)",
				);
				GCC_WARN_64_TO_32_BIT_CONVERSION = YES;
				GCC_WARN_ABOUT_RETURN_TYPE = YES_ERROR;
				GCC_WARN_UNDECLARED_SELECTOR = YES;
				GCC_WARN_UNINITIALIZED_AUTOS = YES_AGGRESSIVE;
				GCC_WARN_UNUSED_FUNCTION = YES;
				GCC_WARN_UNUSED_VARIABLE = YES;
				IPHONEOS_DEPLOYMENT_TARGET = 10.2;
				MTL_ENABLE_DEBUG_INFO = YES;
				ONLY_ACTIVE_ARCH = YES;
				SDKROOT = iphoneos;
				SWIFT_ACTIVE_COMPILATION_CONDITIONS = DEBUG;
				SWIFT_OPTIMIZATION_LEVEL = "-Onone";
				TARGETED_DEVICE_FAMILY = "1,2";
			};
			name = Debug;
		};
		F27985BB1FF3717E0066EDA3 /* Release */ = {
			isa = XCBuildConfiguration;
			buildSettings = {
				ALWAYS_SEARCH_USER_PATHS = NO;
				CLANG_ANALYZER_NONNULL = YES;
				CLANG_CXX_LANGUAGE_STANDARD = "gnu++0x";
				CLANG_CXX_LIBRARY = "libc++";
				CLANG_ENABLE_MODULES = YES;
				CLANG_ENABLE_OBJC_ARC = YES;
				CLANG_WARN_BOOL_CONVERSION = YES;
				CLANG_WARN_CONSTANT_CONVERSION = YES;
				CLANG_WARN_DIRECT_OBJC_ISA_USAGE = YES_ERROR;
				CLANG_WARN_DOCUMENTATION_COMMENTS = YES;
				CLANG_WARN_EMPTY_BODY = YES;
				CLANG_WARN_ENUM_CONVERSION = YES;
				CLANG_WARN_INFINITE_RECURSION = YES;
				CLANG_WARN_INT_CONVERSION = YES;
				CLANG_WARN_OBJC_ROOT_CLASS = YES_ERROR;
				CLANG_WARN_SUSPICIOUS_MOVE = YES;
				CLANG_WARN_UNREACHABLE_CODE = YES;
				CLANG_WARN__DUPLICATE_METHOD_MATCH = YES;
				"CODE_SIGN_IDENTITY[sdk=iphoneos*]" = "iPhone Developer";
				COPY_PHASE_STRIP = NO;
				DEBUG_INFORMATION_FORMAT = "dwarf-with-dsym";
				ENABLE_NS_ASSERTIONS = NO;
				ENABLE_STRICT_OBJC_MSGSEND = YES;
				GCC_C_LANGUAGE_STANDARD = gnu99;
				GCC_NO_COMMON_BLOCKS = YES;
				GCC_WARN_64_TO_32_BIT_CONVERSION = YES;
				GCC_WARN_ABOUT_RETURN_TYPE = YES_ERROR;
				GCC_WARN_UNDECLARED_SELECTOR = YES;
				GCC_WARN_UNINITIALIZED_AUTOS = YES_AGGRESSIVE;
				GCC_WARN_UNUSED_FUNCTION = YES;
				GCC_WARN_UNUSED_VARIABLE = YES;
				IPHONEOS_DEPLOYMENT_TARGET = 10.2;
				MTL_ENABLE_DEBUG_INFO = NO;
				SDKROOT = iphoneos;
				SWIFT_OPTIMIZATION_LEVEL = "-Owholemodule";
				TARGETED_DEVICE_FAMILY = "1,2";
				VALIDATE_PRODUCT = YES;
			};
			name = Release;
		};
		F27985BD1FF3717E0066EDA3 /* Debug */ = {
			isa = XCBuildConfiguration;
			buildSettings = {
				ASSETCATALOG_COMPILER_APPICON_NAME = AppIcon;
				ASSETCATALOG_COMPILER_LAUNCHIMAGE_NAME = LaunchImage;
				"CODE_SIGN_IDENTITY[sdk=iphoneos*]" = "iPhone Developer";
				DEVELOPMENT_TEAM = 9N4B9F42VU;
				INFOPLIST_FILE = DigitalPhotoFrame/Info.plist;
				IPHONEOS_DEPLOYMENT_TARGET = 10.2;
				LD_RUNPATH_SEARCH_PATHS = "$(inherited) @executable_path/Frameworks";
				PRODUCT_BUNDLE_IDENTIFIER = com.marincas.DigitalPhotoFrame;
				PRODUCT_NAME = "$(TARGET_NAME)";
				SWIFT_VERSION = 3.0;
			};
			name = Debug;
		};
		F27985BE1FF3717E0066EDA3 /* Release */ = {
			isa = XCBuildConfiguration;
			buildSettings = {
				ASSETCATALOG_COMPILER_APPICON_NAME = AppIcon;
				ASSETCATALOG_COMPILER_LAUNCHIMAGE_NAME = LaunchImage;
				"CODE_SIGN_IDENTITY[sdk=iphoneos*]" = "iPhone Developer";
				DEVELOPMENT_TEAM = 9N4B9F42VU;
				INFOPLIST_FILE = DigitalPhotoFrame/Info.plist;
				IPHONEOS_DEPLOYMENT_TARGET = 10.2;
				LD_RUNPATH_SEARCH_PATHS = "$(inherited) @executable_path/Frameworks";
				PRODUCT_BUNDLE_IDENTIFIER = com.marincas.DigitalPhotoFrame;
				PRODUCT_NAME = "$(TARGET_NAME)";
				SWIFT_VERSION = 3.0;
			};
			name = Release;
		};
		F27985C01FF3717E0066EDA3 /* Debug */ = {
			isa = XCBuildConfiguration;
			buildSettings = {
				ALWAYS_EMBED_SWIFT_STANDARD_LIBRARIES = YES;
				BUNDLE_LOADER = "$(TEST_HOST)";
				DEVELOPMENT_TEAM = F7U94HT3F7;
				INFOPLIST_FILE = DigitalPhotoFrameTests/Info.plist;
				LD_RUNPATH_SEARCH_PATHS = "$(inherited) @executable_path/Frameworks @loader_path/Frameworks";
				PRODUCT_BUNDLE_IDENTIFIER = com.marincas.DigitalPhotoFrameTests;
				PRODUCT_NAME = "$(TARGET_NAME)";
				SWIFT_VERSION = 3.0;
				TEST_HOST = "$(BUILT_PRODUCTS_DIR)/DigitalPhotoFrame.app/DigitalPhotoFrame";
			};
			name = Debug;
		};
		F27985C11FF3717E0066EDA3 /* Release */ = {
			isa = XCBuildConfiguration;
			buildSettings = {
				ALWAYS_EMBED_SWIFT_STANDARD_LIBRARIES = YES;
				BUNDLE_LOADER = "$(TEST_HOST)";
				DEVELOPMENT_TEAM = F7U94HT3F7;
				INFOPLIST_FILE = DigitalPhotoFrameTests/Info.plist;
				LD_RUNPATH_SEARCH_PATHS = "$(inherited) @executable_path/Frameworks @loader_path/Frameworks";
				PRODUCT_BUNDLE_IDENTIFIER = com.marincas.DigitalPhotoFrameTests;
				PRODUCT_NAME = "$(TARGET_NAME)";
				SWIFT_VERSION = 3.0;
				TEST_HOST = "$(BUILT_PRODUCTS_DIR)/DigitalPhotoFrame.app/DigitalPhotoFrame";
			};
			name = Release;
		};
/* End XCBuildConfiguration section */

/* Begin XCConfigurationList section */
		F279859A1FF3717D0066EDA3 /* Build configuration list for PBXProject "DigitalPhotoFrame" */ = {
			isa = XCConfigurationList;
			buildConfigurations = (
				F27985BA1FF3717E0066EDA3 /* Debug */,
				F27985BB1FF3717E0066EDA3 /* Release */,
			);
			defaultConfigurationIsVisible = 0;
			defaultConfigurationName = Release;
		};
		F27985BC1FF3717E0066EDA3 /* Build configuration list for PBXNativeTarget "DigitalPhotoFrame" */ = {
			isa = XCConfigurationList;
			buildConfigurations = (
				F27985BD1FF3717E0066EDA3 /* Debug */,
				F27985BE1FF3717E0066EDA3 /* Release */,
			);
			defaultConfigurationIsVisible = 0;
			defaultConfigurationName = Release;
		};
		F27985BF1FF3717E0066EDA3 /* Build configuration list for PBXNativeTarget "DigitalPhotoFrameTests" */ = {
			isa = XCConfigurationList;
			buildConfigurations = (
				F27985C01FF3717E0066EDA3 /* Debug */,
				F27985C11FF3717E0066EDA3 /* Release */,
			);
			defaultConfigurationIsVisible = 0;
			defaultConfigurationName = Release;
		};
/* End XCConfigurationList section */
	};
	rootObject = F27985971FF3717D0066EDA3 /* Project object */;
}
